
Microsoft Visual Studio Solution File, Format Version 12.00
# Visual Studio Version 17
VisualStudioVersion = 17.3.32811.315
MinimumVisualStudioVersion = 10.0.40219.1
Project("{9A19103F-16F7-4668-BE54-9A1E7A4F7556}") = "PokemonInfoAPI", "PokemonInfoAPI\PokemonInfoAPI.csproj", "{655611E6-BFB8-4E81-9489-522886C126B5}"
EndProject
Project("{9A19103F-16F7-4668-BE54-9A1E7A4F7556}") = "PokemonInfoAPI.IntegrationTests", "PokemonInfoAPI.IntegrationTests\PokemonInfoAPI.IntegrationTests.csproj", "{54D04FB3-C774-4E86-AF36-6D54AF4BCB08}"
EndProject
Global
	GlobalSection(SolutionConfigurationPlatforms) = preSolution
		Debug|Any CPU = Debug|Any CPU
		Release|Any CPU = Release|Any CPU
	EndGlobalSection
	GlobalSection(ProjectConfigurationPlatforms) = postSolution
		{655611E6-BFB8-4E81-9489-522886C126B5}.Debug|Any CPU.ActiveCfg = Debug|Any CPU
		{655611E6-BFB8-4E81-9489-522886C126B5}.Debug|Any CPU.Build.0 = Debug|Any CPU
		{655611E6-BFB8-4E81-9489-522886C126B5}.Release|Any CPU.ActiveCfg = Release|Any CPU
		{655611E6-BFB8-4E81-9489-522886C126B5}.Release|Any CPU.Build.0 = Release|Any CPU
		{54D04FB3-C774-4E86-AF36-6D54AF4BCB08}.Debug|Any CPU.ActiveCfg = Debug|Any CPU
		{54D04FB3-C774-4E86-AF36-6D54AF4BCB08}.Debug|Any CPU.Build.0 = Debug|Any CPU
		{54D04FB3-C774-4E86-AF36-6D54AF4BCB08}.Release|Any CPU.ActiveCfg = Release|Any CPU
		{54D04FB3-C774-4E86-AF36-6D54AF4BCB08}.Release|Any CPU.Build.0 = Release|Any CPU
	EndGlobalSection
	GlobalSection(SolutionProperties) = preSolution
		HideSolutionNode = FALSE
	EndGlobalSection
	GlobalSection(ExtensibilityGlobals) = postSolution
		SolutionGuid = {0B17F4CA-FE9E-4373-BA5D-FC4C2DB51E0B}
	EndGlobalSection
EndGlobal
